// !$*UTF8*$!
{
	archiveVersion = 1;
	classes = {
	};
	objectVersion = 51;
	objects = {

/* Begin PBXBuildFile section */
		A81818DA239F74C2005A85D4 /* File.swift in Sources */ = {isa = PBXBuildFile; fileRef = A81818D9239F74C2005A85D4 /* File.swift */; };
		A828D1E5239A2E4500C196EC /* AppDelegate.swift in Sources */ = {isa = PBXBuildFile; fileRef = A828D1E4239A2E4500C196EC /* AppDelegate.swift */; };
		A828D1E7239A2E4500C196EC /* SceneDelegate.swift in Sources */ = {isa = PBXBuildFile; fileRef = A828D1E6239A2E4500C196EC /* SceneDelegate.swift */; };
		A828D1EA239A2E4500C196EC /* Sample.xcdatamodeld in Sources */ = {isa = PBXBuildFile; fileRef = A828D1E8239A2E4500C196EC /* Sample.xcdatamodeld */; };
		A828D1EC239A2E4500C196EC /* ContentView.swift in Sources */ = {isa = PBXBuildFile; fileRef = A828D1EB239A2E4500C196EC /* ContentView.swift */; };
		A828D1EE239A2E4900C196EC /* Assets.xcassets in Resources */ = {isa = PBXBuildFile; fileRef = A828D1ED239A2E4900C196EC /* Assets.xcassets */; };
		A828D1F1239A2E4900C196EC /* Preview Assets.xcassets in Resources */ = {isa = PBXBuildFile; fileRef = A828D1F0239A2E4900C196EC /* Preview Assets.xcassets */; };
		A828D1F4239A2E4900C196EC /* LaunchScreen.storyboard in Resources */ = {isa = PBXBuildFile; fileRef = A828D1F2239A2E4900C196EC /* LaunchScreen.storyboard */; };
		A828D1FC239A2E9000C196EC /* FirstViewController.swift in Sources */ = {isa = PBXBuildFile; fileRef = A828D1FB239A2E9000C196EC /* FirstViewController.swift */; };
		A828D1FE239A2ED500C196EC /* SecondViewController.swift in Sources */ = {isa = PBXBuildFile; fileRef = A828D1FD239A2ED400C196EC /* SecondViewController.swift */; };
		F32D4552C77669C97B91D2D2 /* Pods_Sample.framework in Frameworks */ = {isa = PBXBuildFile; fileRef = 5FFFC3F672D420B6B3053D93 /* Pods_Sample.framework */; };
/* End PBXBuildFile section */

/* Begin PBXFileReference section */
		1A6A0DBE494F5B6E1BF2A580 /* Pods-Sample.debug.xcconfig */ = {isa = PBXFileReference; includeInIndex = 1; lastKnownFileType = text.xcconfig; name = "Pods-Sample.debug.xcconfig"; path = "Target Support Files/Pods-Sample/Pods-Sample.debug.xcconfig"; sourceTree = "<group>"; };
		5FFFC3F672D420B6B3053D93 /* Pods_Sample.framework */ = {isa = PBXFileReference; explicitFileType = wrapper.framework; includeInIndex = 0; path = Pods_Sample.framework; sourceTree = BUILT_PRODUCTS_DIR; };
		A02B1C9E439C3192026F9FF5 /* Pods-Sample.release.xcconfig */ = {isa = PBXFileReference; includeInIndex = 1; lastKnownFileType = text.xcconfig; name = "Pods-Sample.release.xcconfig"; path = "Target Support Files/Pods-Sample/Pods-Sample.release.xcconfig"; sourceTree = "<group>"; };
		A81818D9239F74C2005A85D4 /* File.swift */ = {isa = PBXFileReference; lastKnownFileType = sourcecode.swift; path = File.swift; sourceTree = "<group>"; };
		A828D1E1239A2E4500C196EC /* Sample.app */ = {isa = PBXFileReference; explicitFileType = wrapper.application; includeInIndex = 0; path = Sample.app; sourceTree = BUILT_PRODUCTS_DIR; };
		A828D1E4239A2E4500C196EC /* AppDelegate.swift */ = {isa = PBXFileReference; lastKnownFileType = sourcecode.swift; path = AppDelegate.swift; sourceTree = "<group>"; };
		A828D1E6239A2E4500C196EC /* SceneDelegate.swift */ = {isa = PBXFileReference; lastKnownFileType = sourcecode.swift; path = SceneDelegate.swift; sourceTree = "<group>"; };
		A828D1E9239A2E4500C196EC /* Sample.xcdatamodel */ = {isa = PBXFileReference; lastKnownFileType = wrapper.xcdatamodel; path = Sample.xcdatamodel; sourceTree = "<group>"; };
		A828D1EB239A2E4500C196EC /* ContentView.swift */ = {isa = PBXFileReference; lastKnownFileType = sourcecode.swift; path = ContentView.swift; sourceTree = "<group>"; };
		A828D1ED239A2E4900C196EC /* Assets.xcassets */ = {isa = PBXFileReference; lastKnownFileType = folder.assetcatalog; path = Assets.xcassets; sourceTree = "<group>"; };
		A828D1F0239A2E4900C196EC /* Preview Assets.xcassets */ = {isa = PBXFileReference; lastKnownFileType = folder.assetcatalog; path = "Preview Assets.xcassets"; sourceTree = "<group>"; };
		A828D1F3239A2E4900C196EC /* Base */ = {isa = PBXFileReference; lastKnownFileType = file.storyboard; name = Base; path = Base.lproj/LaunchScreen.storyboard; sourceTree = "<group>"; };
		A828D1F5239A2E4900C196EC /* Info.plist */ = {isa = PBXFileReference; lastKnownFileType = text.plist.xml; path = Info.plist; sourceTree = "<group>"; };
		A828D1FB239A2E9000C196EC /* FirstViewController.swift */ = {isa = PBXFileReference; lastKnownFileType = sourcecode.swift; path = FirstViewController.swift; sourceTree = "<group>"; };
		A828D1FD239A2ED400C196EC /* SecondViewController.swift */ = {isa = PBXFileReference; lastKnownFileType = sourcecode.swift; path = SecondViewController.swift; sourceTree = "<group>"; };
/* End PBXFileReference section */

/* Begin PBXFrameworksBuildPhase section */
		A828D1DE239A2E4500C196EC /* Frameworks */ = {
			isa = PBXFrameworksBuildPhase;
			buildActionMask = 2147483647;
			files = (
				F32D4552C77669C97B91D2D2 /* Pods_Sample.framework in Frameworks */,
			);
			runOnlyForDeploymentPostprocessing = 0;
		};
/* End PBXFrameworksBuildPhase section */

/* Begin PBXGroup section */
		7D64BB652914548200A7D751 /* Frameworks */ = {
			isa = PBXGroup;
			children = (
				5FFFC3F672D420B6B3053D93 /* Pods_Sample.framework */,
			);
			name = Frameworks;
			sourceTree = "<group>";
		};
		855A3F638838611119CF11A7 /* Pods */ = {
			isa = PBXGroup;
			children = (
				1A6A0DBE494F5B6E1BF2A580 /* Pods-Sample.debug.xcconfig */,
				A02B1C9E439C3192026F9FF5 /* Pods-Sample.release.xcconfig */,
			);
			path = Pods;
			sourceTree = "<group>";
		};
		A828D1D8239A2E4500C196EC = {
			isa = PBXGroup;
			children = (
				A828D1E3239A2E4500C196EC /* Sample */,
				A828D1E2239A2E4500C196EC /* Products */,
				855A3F638838611119CF11A7 /* Pods */,
				7D64BB652914548200A7D751 /* Frameworks */,
			);
			sourceTree = "<group>";
		};
		A828D1E2239A2E4500C196EC /* Products */ = {
			isa = PBXGroup;
			children = (
				A828D1E1239A2E4500C196EC /* Sample.app */,
			);
			name = Products;
			sourceTree = "<group>";
		};
		A828D1E3239A2E4500C196EC /* Sample */ = {
			isa = PBXGroup;
			children = (
				A828D1E4239A2E4500C196EC /* AppDelegate.swift */,
				A828D1E6239A2E4500C196EC /* SceneDelegate.swift */,
				A81818D9239F74C2005A85D4 /* File.swift */,
				A828D1FB239A2E9000C196EC /* FirstViewController.swift */,
				A828D1EB239A2E4500C196EC /* ContentView.swift */,
				A828D1ED239A2E4900C196EC /* Assets.xcassets */,
				A828D1FD239A2ED400C196EC /* SecondViewController.swift */,
				A828D1F2239A2E4900C196EC /* LaunchScreen.storyboard */,
				A828D1F5239A2E4900C196EC /* Info.plist */,
				A828D1E8239A2E4500C196EC /* Sample.xcdatamodeld */,
				A828D1EF239A2E4900C196EC /* Preview Content */,
			);
			path = Sample;
			sourceTree = "<group>";
		};
		A828D1EF239A2E4900C196EC /* Preview Content */ = {
			isa = PBXGroup;
			children = (
				A828D1F0239A2E4900C196EC /* Preview Assets.xcassets */,
			);
			path = "Preview Content";
			sourceTree = "<group>";
		};
/* End PBXGroup section */

/* Begin PBXNativeTarget section */
		A828D1E0239A2E4500C196EC /* Sample */ = {
			isa = PBXNativeTarget;
			buildConfigurationList = A828D1F8239A2E4900C196EC /* Build configuration list for PBXNativeTarget "Sample" */;
			buildPhases = (
				29370F8B8D98A926513BDBEC /* [CP] Check Pods Manifest.lock */,
				A828D1DD239A2E4500C196EC /* Sources */,
				A828D1DE239A2E4500C196EC /* Frameworks */,
				A828D1DF239A2E4500C196EC /* Resources */,
				261CA7BED9CD27C82906C1DE /* [CP] Embed Pods Frameworks */,
			);
			buildRules = (
			);
			dependencies = (
			);
			name = Sample;
			productName = Sample;
			productReference = A828D1E1239A2E4500C196EC /* Sample.app */;
			productType = "com.apple.product-type.application";
		};
/* End PBXNativeTarget section */

/* Begin PBXProject section */
		A828D1D9239A2E4500C196EC /* Project object */ = {
			isa = PBXProject;
			attributes = {
				LastSwiftUpdateCheck = 1120;
				LastUpgradeCheck = 1120;
				ORGANIZATIONNAME = Alexandra;
				TargetAttributes = {
					A828D1E0239A2E4500C196EC = {
						CreatedOnToolsVersion = 11.2.1;
					};
				};
			};
			buildConfigurationList = A828D1DC239A2E4500C196EC /* Build configuration list for PBXProject "Sample" */;
			compatibilityVersion = "Xcode 9.3";
			developmentRegion = en;
			hasScannedForEncodings = 0;
			knownRegions = (
				en,
				Base,
			);
			mainGroup = A828D1D8239A2E4500C196EC;
			productRefGroup = A828D1E2239A2E4500C196EC /* Products */;
			projectDirPath = "";
			projectRoot = "";
			targets = (
				A828D1E0239A2E4500C196EC /* Sample */,
			);
		};
/* End PBXProject section */

/* Begin PBXResourcesBuildPhase section */
		A828D1DF239A2E4500C196EC /* Resources */ = {
			isa = PBXResourcesBuildPhase;
			buildActionMask = 2147483647;
			files = (
				A828D1F4239A2E4900C196EC /* LaunchScreen.storyboard in Resources */,
				A828D1F1239A2E4900C196EC /* Preview Assets.xcassets in Resources */,
				A828D1EE239A2E4900C196EC /* Assets.xcassets in Resources */,
			);
			runOnlyForDeploymentPostprocessing = 0;
		};
/* End PBXResourcesBuildPhase section */

/* Begin PBXShellScriptBuildPhase section */
		261CA7BED9CD27C82906C1DE /* [CP] Embed Pods Frameworks */ = {
			isa = PBXShellScriptBuildPhase;
			buildActionMask = 2147483647;
			files = (
			);
			inputFileListPaths = (
				"${PODS_ROOT}/Target Support Files/Pods-Sample/Pods-Sample-frameworks-${CONFIGURATION}-input-files.xcfilelist",
			);
			name = "[CP] Embed Pods Frameworks";
			outputFileListPaths = (
				"${PODS_ROOT}/Target Support Files/Pods-Sample/Pods-Sample-frameworks-${CONFIGURATION}-output-files.xcfilelist",
			);
			runOnlyForDeploymentPostprocessing = 0;
			shellPath = /bin/sh;
			shellScript = "\"${PODS_ROOT}/Target Support Files/Pods-Sample/Pods-Sample-frameworks.sh\"\n";
			showEnvVarsInLog = 0;
		};
		29370F8B8D98A926513BDBEC /* [CP] Check Pods Manifest.lock */ = {
			isa = PBXShellScriptBuildPhase;
			buildActionMask = 2147483647;
			files = (
			);
			inputFileListPaths = (
			);
			inputPaths = (
				"${PODS_PODFILE_DIR_PATH}/Podfile.lock",
				"${PODS_ROOT}/Manifest.lock",
			);
			name = "[CP] Check Pods Manifest.lock";
			outputFileListPaths = (
			);
			outputPaths = (
				"$(DERIVED_FILE_DIR)/Pods-Sample-checkManifestLockResult.txt",
			);
			runOnlyForDeploymentPostprocessing = 0;
			shellPath = /bin/sh;
			shellScript = "diff \"${PODS_PODFILE_DIR_PATH}/Podfile.lock\" \"${PODS_ROOT}/Manifest.lock\" > /dev/null\nif [ $? != 0 ] ; then\n    # print error to STDERR\n    echo \"error: The sandbox is not in sync with the Podfile.lock. Run 'pod install' or update your CocoaPods installation.\" >&2\n    exit 1\nfi\n# This output is used by Xcode 'outputs' to avoid re-running this script phase.\necho \"SUCCESS\" > \"${SCRIPT_OUTPUT_FILE_0}\"\n";
			showEnvVarsInLog = 0;
		};
/* End PBXShellScriptBuildPhase section */

/* Begin PBXSourcesBuildPhase section */
		A828D1DD239A2E4500C196EC /* Sources */ = {
			isa = PBXSourcesBuildPhase;
			buildActionMask = 2147483647;
			files = (
				A828D1FE239A2ED500C196EC /* SecondViewController.swift in Sources */,
				A828D1FC239A2E9000C196EC /* FirstViewController.swift in Sources */,
				A81818DA239F74C2005A85D4 /* File.swift in Sources */,
				A828D1EA239A2E4500C196EC /* Sample.xcdatamodeld in Sources */,
				A828D1E5239A2E4500C196EC /* AppDelegate.swift in Sources */,
				A828D1EC239A2E4500C196EC /* ContentView.swift in Sources */,
				A828D1E7239A2E4500C196EC /* SceneDelegate.swift in Sources */,
			);
			runOnlyForDeploymentPostprocessing = 0;
		};
/* End PBXSourcesBuildPhase section */

/* Begin PBXVariantGroup section */
		A828D1F2239A2E4900C196EC /* LaunchScreen.storyboard */ = {
			isa = PBXVariantGroup;
			children = (
				A828D1F3239A2E4900C196EC /* Base */,
			);
			name = LaunchScreen.storyboard;
			sourceTree = "<group>";
		};
/* End PBXVariantGroup section */

/* Begin XCBuildConfiguration section */
		A828D1F6239A2E4900C196EC /* Debug */ = {
			isa = XCBuildConfiguration;
			buildSettings = {
				ALWAYS_SEARCH_USER_PATHS = NO;
				CLANG_ANALYZER_NONNULL = YES;
				CLANG_ANALYZER_NUMBER_OBJECT_CONVERSION = YES_AGGRESSIVE;
				CLANG_CXX_LANGUAGE_STANDARD = "gnu++14";
				CLANG_CXX_LIBRARY = "libc++";
				CLANG_ENABLE_MODULES = YES;
				CLANG_ENABLE_OBJC_ARC = YES;
				CLANG_ENABLE_OBJC_WEAK = YES;
				CLANG_WARN_BLOCK_CAPTURE_AUTORELEASING = YES;
				CLANG_WARN_BOOL_CONVERSION = YES;
				CLANG_WARN_COMMA = YES;
				CLANG_WARN_CONSTANT_CONVERSION = YES;
				CLANG_WARN_DEPRECATED_OBJC_IMPLEMENTATIONS = YES;
				CLANG_WARN_DIRECT_OBJC_ISA_USAGE = YES_ERROR;
				CLANG_WARN_DOCUMENTATION_COMMENTS = YES;
				CLANG_WARN_EMPTY_BODY = YES;
				CLANG_WARN_ENUM_CONVERSION = YES;
				CLANG_WARN_INFINITE_RECURSION = YES;
				CLANG_WARN_INT_CONVERSION = YES;
				CLANG_WARN_NON_LITERAL_NULL_CONVERSION = YES;
				CLANG_WARN_OBJC_IMPLICIT_RETAIN_SELF = YES;
				CLANG_WARN_OBJC_LITERAL_CONVERSION = YES;
				CLANG_WARN_OBJC_ROOT_CLASS = YES_ERROR;
				CLANG_WARN_RANGE_LOOP_ANALYSIS = YES;
				CLANG_WARN_STRICT_PROTOTYPES = YES;
				CLANG_WARN_SUSPICIOUS_MOVE = YES;
				CLANG_WARN_UNGUARDED_AVAILABILITY = YES_AGGRESSIVE;
				CLANG_WARN_UNREACHABLE_CODE = YES;
				CLANG_WARN__DUPLICATE_METHOD_MATCH = YES;
				COPY_PHASE_STRIP = NO;
				DEBUG_INFORMATION_FORMAT = dwarf;
				ENABLE_STRICT_OBJC_MSGSEND = YES;
				ENABLE_TESTABILITY = YES;
				GCC_C_LANGUAGE_STANDARD = gnu11;
				GCC_DYNAMIC_NO_PIC = NO;
				GCC_NO_COMMON_BLOCKS = YES;
				GCC_OPTIMIZATION_LEVEL = 0;
				GCC_PREPROCESSOR_DEFINITIONS = (
					"DEBUG=1",
					"$(inherited)",
				);
				GCC_WARN_64_TO_32_BIT_CONVERSION = YES;
				GCC_WARN_ABOUT_RETURN_TYPE = YES_ERROR;
				GCC_WARN_UNDECLARED_SELECTOR = YES;
				GCC_WARN_UNINITIALIZED_AUTOS = YES_AGGRESSIVE;
				GCC_WARN_UNUSED_FUNCTION = YES;
				GCC_WARN_UNUSED_VARIABLE = YES;
				IPHONEOS_DEPLOYMENT_TARGET = 13.2;
				MTL_ENABLE_DEBUG_INFO = INCLUDE_SOURCE;
				MTL_FAST_MATH = YES;
				ONLY_ACTIVE_ARCH = YES;
				SDKROOT = iphoneos;
				SWIFT_ACTIVE_COMPILATION_CONDITIONS = DEBUG;
				SWIFT_OPTIMIZATION_LEVEL = "-Onone";
			};
			name = Debug;
		};
		A828D1F7239A2E4900C196EC /* Release */ = {
			isa = XCBuildConfiguration;
			buildSettings = {
				ALWAYS_SEARCH_USER_PATHS = NO;
				CLANG_ANALYZER_NONNULL = YES;
				CLANG_ANALYZER_NUMBER_OBJECT_CONVERSION = YES_AGGRESSIVE;
				CLANG_CXX_LANGUAGE_STANDARD = "gnu++14";
				CLANG_CXX_LIBRARY = "libc++";
				CLANG_ENABLE_MODULES = YES;
				CLANG_ENABLE_OBJC_ARC = YES;
				CLANG_ENABLE_OBJC_WEAK = YES;
				CLANG_WARN_BLOCK_CAPTURE_AUTORELEASING = YES;
				CLANG_WARN_BOOL_CONVERSION = YES;
				CLANG_WARN_COMMA = YES;
				CLANG_WARN_CONSTANT_CONVERSION = YES;
				CLANG_WARN_DEPRECATED_OBJC_IMPLEMENTATIONS = YES;
				CLANG_WARN_DIRECT_OBJC_ISA_USAGE = YES_ERROR;
				CLANG_WARN_DOCUMENTATION_COMMENTS = YES;
				CLANG_WARN_EMPTY_BODY = YES;
				CLANG_WARN_ENUM_CONVERSION = YES;
				CLANG_WARN_INFINITE_RECURSION = YES;
				CLANG_WARN_INT_CONVERSION = YES;
				CLANG_WARN_NON_LITERAL_NULL_CONVERSION = YES;
				CLANG_WARN_OBJC_IMPLICIT_RETAIN_SELF = YES;
				CLANG_WARN_OBJC_LITERAL_CONVERSION = YES;
				CLANG_WARN_OBJC_ROOT_CLASS = YES_ERROR;
				CLANG_WARN_RANGE_LOOP_ANALYSIS = YES;
				CLANG_WARN_STRICT_PROTOTYPES = YES;
				CLANG_WARN_SUSPICIOUS_MOVE = YES;
				CLANG_WARN_UNGUARDED_AVAILABILITY = YES_AGGRESSIVE;
				CLANG_WARN_UNREACHABLE_CODE = YES;
				CLANG_WARN__DUPLICATE_METHOD_MATCH = YES;
				COPY_PHASE_STRIP = NO;
				DEBUG_INFORMATION_FORMAT = "dwarf-with-dsym";
				ENABLE_NS_ASSERTIONS = NO;
				ENABLE_STRICT_OBJC_MSGSEND = YES;
				GCC_C_LANGUAGE_STANDARD = gnu11;
				GCC_NO_COMMON_BLOCKS = YES;
				GCC_WARN_64_TO_32_BIT_CONVERSION = YES;
				GCC_WARN_ABOUT_RETURN_TYPE = YES_ERROR;
				GCC_WARN_UNDECLARED_SELECTOR = YES;
				GCC_WARN_UNINITIALIZED_AUTOS = YES_AGGRESSIVE;
				GCC_WARN_UNUSED_FUNCTION = YES;
				GCC_WARN_UNUSED_VARIABLE = YES;
				IPHONEOS_DEPLOYMENT_TARGET = 13.2;
				MTL_ENABLE_DEBUG_INFO = NO;
				MTL_FAST_MATH = YES;
				SDKROOT = iphoneos;
				SWIFT_COMPILATION_MODE = wholemodule;
				SWIFT_OPTIMIZATION_LEVEL = "-O";
				VALIDATE_PRODUCT = YES;
			};
			name = Release;
		};
		A828D1F9239A2E4900C196EC /* Debug */ = {
			isa = XCBuildConfiguration;
			baseConfigurationReference = 1A6A0DBE494F5B6E1BF2A580 /* Pods-Sample.debug.xcconfig */;
			buildSettings = {
				ASSETCATALOG_COMPILER_APPICON_NAME = AppIcon;
				CODE_SIGN_STYLE = Automatic;
				DEVELOPMENT_ASSET_PATHS = "\"Sample/Preview Content\"";
				ENABLE_PREVIEWS = YES;
				INFOPLIST_FILE = Sample/Info.plist;
				LD_RUNPATH_SEARCH_PATHS = (
					"$(inherited)",
					"@executable_path/Frameworks",
				);
				PRODUCT_BUNDLE_IDENTIFIER = "-.Sample";
				PRODUCT_NAME = "$(TARGET_NAME)";
				SWIFT_VERSION = 5.0;
				TARGETED_DEVICE_FAMILY = "1,2";
			};
			name = Debug;
		};
		A828D1FA239A2E4900C196EC /* Release */ = {
			isa = XCBuildConfiguration;
			baseConfigurationReference = A02B1C9E439C3192026F9FF5 /* Pods-Sample.release.xcconfig */;
			buildSettings = {
				ASSETCATALOG_COMPILER_APPICON_NAME = AppIcon;
				CODE_SIGN_STYLE = Automatic;
				DEVELOPMENT_ASSET_PATHS = "\"Sample/Preview Content\"";
				ENABLE_PREVIEWS = YES;
				INFOPLIST_FILE = Sample/Info.plist;
				LD_RUNPATH_SEARCH_PATHS = (
					"$(inherited)",
					"@executable_path/Frameworks",
				);
				PRODUCT_BUNDLE_IDENTIFIER = "-.Sample";
				PRODUCT_NAME = "$(TARGET_NAME)";
				SWIFT_VERSION = 5.0;
				TARGETED_DEVICE_FAMILY = "1,2";
			};
			name = Release;
		};
/* End XCBuildConfiguration section */

/* Begin XCConfigurationList section */
		A828D1DC239A2E4500C196EC /* Build configuration list for PBXProject "Sample" */ = {
			isa = XCConfigurationList;
			buildConfigurations = (
				A828D1F6239A2E4900C196EC /* Debug */,
				A828D1F7239A2E4900C196EC /* Release */,
			);
			defaultConfigurationIsVisible = 0;
			defaultConfigurationName = Release;
		};
		A828D1F8239A2E4900C196EC /* Build configuration list for PBXNativeTarget "Sample" */ = {
			isa = XCConfigurationList;
			buildConfigurations = (
				A828D1F9239A2E4900C196EC /* Debug */,
				A828D1FA239A2E4900C196EC /* Release */,
			);
			defaultConfigurationIsVisible = 0;
			defaultConfigurationName = Release;
		};
/* End XCConfigurationList section */

/* Begin XCVersionGroup section */
		A828D1E8239A2E4500C196EC /* Sample.xcdatamodeld */ = {
			isa = XCVersionGroup;
			children = (
				A828D1E9239A2E4500C196EC /* Sample.xcdatamodel */,
			);
			currentVersion = A828D1E9239A2E4500C196EC /* Sample.xcdatamodel */;
			path = Sample.xcdatamodeld;
			sourceTree = "<group>";
			versionGroupType = wrapper.xcdatamodel;
		};
/* End XCVersionGroup section */
	};
	rootObject = A828D1D9239A2E4500C196EC /* Project object */;
}
