// !$*UTF8*$!
{
	archiveVersion = 1;
	classes = {
	};
	objectVersion = 48;
	objects = {

/* Begin PBXBuildFile section */
		A84FC3052373431000AA4C3C /* CoreData.xcdatamodeld in Sources */ = {isa = PBXBuildFile; fileRef = A84FC3032373431000AA4C3C /* CoreData.xcdatamodeld */; };
		A86AD44A237329AA0059B3AC /* Person.swift in Sources */ = {isa = PBXBuildFile; fileRef = A86AD449237329AA0059B3AC /* Person.swift */; };
		A8D015F72369F4E200967E9F /* AppDelegate.swift in Sources */ = {isa = PBXBuildFile; fileRef = A8D015F62369F4E200967E9F /* AppDelegate.swift */; };
		A8D015F92369F4E200967E9F /* ViewController.swift in Sources */ = {isa = PBXBuildFile; fileRef = A8D015F82369F4E200967E9F /* ViewController.swift */; };
		A8D015FC2369F4E200967E9F /* Main.storyboard in Resources */ = {isa = PBXBuildFile; fileRef = A8D015FA2369F4E200967E9F /* Main.storyboard */; };
		A8D015FE2369F4E200967E9F /* Assets.xcassets in Resources */ = {isa = PBXBuildFile; fileRef = A8D015FD2369F4E200967E9F /* Assets.xcassets */; };
		A8D016012369F4E200967E9F /* LaunchScreen.storyboard in Resources */ = {isa = PBXBuildFile; fileRef = A8D015FF2369F4E200967E9F /* LaunchScreen.storyboard */; };
		A8D0160C2369F4E200967E9F /* ProjectTests.swift in Sources */ = {isa = PBXBuildFile; fileRef = A8D0160B2369F4E200967E9F /* ProjectTests.swift */; };
		A8D016172369F4E200967E9F /* ProjectUITests.swift in Sources */ = {isa = PBXBuildFile; fileRef = A8D016162369F4E200967E9F /* ProjectUITests.swift */; };
		B678822084165E13B6A9E75F /* Pods_Project.framework in Frameworks */ = {isa = PBXBuildFile; fileRef = A78F999592D7506421D325F9 /* Pods_Project.framework */; };
/* End PBXBuildFile section */

/* Begin PBXContainerItemProxy section */
		A8D016082369F4E200967E9F /* PBXContainerItemProxy */ = {
			isa = PBXContainerItemProxy;
			containerPortal = A8D015EB2369F4E200967E9F /* Project object */;
			proxyType = 1;
			remoteGlobalIDString = A8D015F22369F4E200967E9F;
			remoteInfo = Project;
		};
		A8D016132369F4E200967E9F /* PBXContainerItemProxy */ = {
			isa = PBXContainerItemProxy;
			containerPortal = A8D015EB2369F4E200967E9F /* Project object */;
			proxyType = 1;
			remoteGlobalIDString = A8D015F22369F4E200967E9F;
			remoteInfo = Project;
		};
/* End PBXContainerItemProxy section */

/* Begin PBXFileReference section */
		5484D654D0F68140CA4124D7 /* Pods-Project.debug.xcconfig */ = {isa = PBXFileReference; includeInIndex = 1; lastKnownFileType = text.xcconfig; name = "Pods-Project.debug.xcconfig"; path = "Target Support Files/Pods-Project/Pods-Project.debug.xcconfig"; sourceTree = "<group>"; };
		A78F999592D7506421D325F9 /* Pods_Project.framework */ = {isa = PBXFileReference; explicitFileType = wrapper.framework; includeInIndex = 0; path = Pods_Project.framework; sourceTree = BUILT_PRODUCTS_DIR; };
		A84FC3042373431000AA4C3C /* CoreData.xcdatamodel */ = {isa = PBXFileReference; lastKnownFileType = wrapper.xcdatamodel; path = CoreData.xcdatamodel; sourceTree = "<group>"; };
		A86AD449237329AA0059B3AC /* Person.swift */ = {isa = PBXFileReference; lastKnownFileType = sourcecode.swift; path = Person.swift; sourceTree = "<group>"; };
		A8D015F32369F4E200967E9F /* Project.app */ = {isa = PBXFileReference; explicitFileType = wrapper.application; includeInIndex = 0; path = Project.app; sourceTree = BUILT_PRODUCTS_DIR; };
		A8D015F62369F4E200967E9F /* AppDelegate.swift */ = {isa = PBXFileReference; lastKnownFileType = sourcecode.swift; path = AppDelegate.swift; sourceTree = "<group>"; };
		A8D015F82369F4E200967E9F /* ViewController.swift */ = {isa = PBXFileReference; lastKnownFileType = sourcecode.swift; path = ViewController.swift; sourceTree = "<group>"; };
		A8D015FB2369F4E200967E9F /* Base */ = {isa = PBXFileReference; lastKnownFileType = file.storyboard; name = Base; path = Base.lproj/Main.storyboard; sourceTree = "<group>"; };
		A8D015FD2369F4E200967E9F /* Assets.xcassets */ = {isa = PBXFileReference; lastKnownFileType = folder.assetcatalog; path = Assets.xcassets; sourceTree = "<group>"; };
		A8D016002369F4E200967E9F /* Base */ = {isa = PBXFileReference; lastKnownFileType = file.storyboard; name = Base; path = Base.lproj/LaunchScreen.storyboard; sourceTree = "<group>"; };
		A8D016022369F4E200967E9F /* Info.plist */ = {isa = PBXFileReference; lastKnownFileType = text.plist.xml; path = Info.plist; sourceTree = "<group>"; };
		A8D016072369F4E200967E9F /* ProjectTests.xctest */ = {isa = PBXFileReference; explicitFileType = wrapper.cfbundle; includeInIndex = 0; path = ProjectTests.xctest; sourceTree = BUILT_PRODUCTS_DIR; };
		A8D0160B2369F4E200967E9F /* ProjectTests.swift */ = {isa = PBXFileReference; lastKnownFileType = sourcecode.swift; path = ProjectTests.swift; sourceTree = "<group>"; };
		A8D0160D2369F4E200967E9F /* Info.plist */ = {isa = PBXFileReference; lastKnownFileType = text.plist.xml; path = Info.plist; sourceTree = "<group>"; };
		A8D016122369F4E200967E9F /* ProjectUITests.xctest */ = {isa = PBXFileReference; explicitFileType = wrapper.cfbundle; includeInIndex = 0; path = ProjectUITests.xctest; sourceTree = BUILT_PRODUCTS_DIR; };
		A8D016162369F4E200967E9F /* ProjectUITests.swift */ = {isa = PBXFileReference; lastKnownFileType = sourcecode.swift; path = ProjectUITests.swift; sourceTree = "<group>"; };
		A8D016182369F4E200967E9F /* Info.plist */ = {isa = PBXFileReference; lastKnownFileType = text.plist.xml; path = Info.plist; sourceTree = "<group>"; };
		BF75D4821BAC9146A6DD6A0C /* Pods-Project.release.xcconfig */ = {isa = PBXFileReference; includeInIndex = 1; lastKnownFileType = text.xcconfig; name = "Pods-Project.release.xcconfig"; path = "Target Support Files/Pods-Project/Pods-Project.release.xcconfig"; sourceTree = "<group>"; };
/* End PBXFileReference section */

/* Begin PBXFrameworksBuildPhase section */
		A8D015F02369F4E200967E9F /* Frameworks */ = {
			isa = PBXFrameworksBuildPhase;
			buildActionMask = 2147483647;
			files = (
				B678822084165E13B6A9E75F /* Pods_Project.framework in Frameworks */,
			);
			runOnlyForDeploymentPostprocessing = 0;
		};
		A8D016042369F4E200967E9F /* Frameworks */ = {
			isa = PBXFrameworksBuildPhase;
			buildActionMask = 2147483647;
			files = (
			);
			runOnlyForDeploymentPostprocessing = 0;
		};
		A8D0160F2369F4E200967E9F /* Frameworks */ = {
			isa = PBXFrameworksBuildPhase;
			buildActionMask = 2147483647;
			files = (
			);
			runOnlyForDeploymentPostprocessing = 0;
		};
/* End PBXFrameworksBuildPhase section */

/* Begin PBXGroup section */
		398134989C6CFABB61768827 /* Pods */ = {
			isa = PBXGroup;
			children = (
				5484D654D0F68140CA4124D7 /* Pods-Project.debug.xcconfig */,
				BF75D4821BAC9146A6DD6A0C /* Pods-Project.release.xcconfig */,
			);
			path = Pods;
			sourceTree = "<group>";
		};
		8BD15AA969BE8B9EC8091807 /* Frameworks */ = {
			isa = PBXGroup;
			children = (
				A78F999592D7506421D325F9 /* Pods_Project.framework */,
			);
			name = Frameworks;
			sourceTree = "<group>";
		};
		A8D015EA2369F4E200967E9F = {
			isa = PBXGroup;
			children = (
				A84FC3032373431000AA4C3C /* CoreData.xcdatamodeld */,
				A8D015F52369F4E200967E9F /* Project */,
				A8D0160A2369F4E200967E9F /* ProjectTests */,
				A8D016152369F4E200967E9F /* ProjectUITests */,
				A8D015F42369F4E200967E9F /* Products */,
				398134989C6CFABB61768827 /* Pods */,
				8BD15AA969BE8B9EC8091807 /* Frameworks */,
			);
			sourceTree = "<group>";
		};
		A8D015F42369F4E200967E9F /* Products */ = {
			isa = PBXGroup;
			children = (
				A8D015F32369F4E200967E9F /* Project.app */,
				A8D016072369F4E200967E9F /* ProjectTests.xctest */,
				A8D016122369F4E200967E9F /* ProjectUITests.xctest */,
			);
			name = Products;
			sourceTree = "<group>";
		};
		A8D015F52369F4E200967E9F /* Project */ = {
			isa = PBXGroup;
			children = (
				A8D015F62369F4E200967E9F /* AppDelegate.swift */,
				A86AD449237329AA0059B3AC /* Person.swift */,
				A8D015F82369F4E200967E9F /* ViewController.swift */,
				A8D015FA2369F4E200967E9F /* Main.storyboard */,
				A8D015FD2369F4E200967E9F /* Assets.xcassets */,
				A8D015FF2369F4E200967E9F /* LaunchScreen.storyboard */,
				A8D016022369F4E200967E9F /* Info.plist */,
			);
			path = Project;
			sourceTree = "<group>";
		};
		A8D0160A2369F4E200967E9F /* ProjectTests */ = {
			isa = PBXGroup;
			children = (
				A8D0160B2369F4E200967E9F /* ProjectTests.swift */,
				A8D0160D2369F4E200967E9F /* Info.plist */,
			);
			path = ProjectTests;
			sourceTree = "<group>";
		};
		A8D016152369F4E200967E9F /* ProjectUITests */ = {
			isa = PBXGroup;
			children = (
				A8D016162369F4E200967E9F /* ProjectUITests.swift */,
				A8D016182369F4E200967E9F /* Info.plist */,
			);
			path = ProjectUITests;
			sourceTree = "<group>";
		};
/* End PBXGroup section */

/* Begin PBXNativeTarget section */
		A8D015F22369F4E200967E9F /* Project */ = {
			isa = PBXNativeTarget;
			buildConfigurationList = A8D0161B2369F4E200967E9F /* Build configuration list for PBXNativeTarget "Project" */;
			buildPhases = (
				E936168D922820DEA32CD445 /* [CP] Check Pods Manifest.lock */,
				A8D015EF2369F4E200967E9F /* Sources */,
				A8D015F02369F4E200967E9F /* Frameworks */,
				A8D015F12369F4E200967E9F /* Resources */,
				0B07D5353384DC88EDDDB021 /* [CP] Embed Pods Frameworks */,
				2638852F2D923FABA1849A8E /* [CP] Copy Pods Resources */,
			);
			buildRules = (
			);
			dependencies = (
			);
			name = Project;
			productName = Project;
			productReference = A8D015F32369F4E200967E9F /* Project.app */;
			productType = "com.apple.product-type.application";
		};
		A8D016062369F4E200967E9F /* ProjectTests */ = {
			isa = PBXNativeTarget;
			buildConfigurationList = A8D0161E2369F4E200967E9F /* Build configuration list for PBXNativeTarget "ProjectTests" */;
			buildPhases = (
				A8D016032369F4E200967E9F /* Sources */,
				A8D016042369F4E200967E9F /* Frameworks */,
				A8D016052369F4E200967E9F /* Resources */,
			);
			buildRules = (
			);
			dependencies = (
				A8D016092369F4E200967E9F /* PBXTargetDependency */,
			);
			name = ProjectTests;
			productName = ProjectTests;
			productReference = A8D016072369F4E200967E9F /* ProjectTests.xctest */;
			productType = "com.apple.product-type.bundle.unit-test";
		};
		A8D016112369F4E200967E9F /* ProjectUITests */ = {
			isa = PBXNativeTarget;
			buildConfigurationList = A8D016212369F4E200967E9F /* Build configuration list for PBXNativeTarget "ProjectUITests" */;
			buildPhases = (
				A8D0160E2369F4E200967E9F /* Sources */,
				A8D0160F2369F4E200967E9F /* Frameworks */,
				A8D016102369F4E200967E9F /* Resources */,
			);
			buildRules = (
			);
			dependencies = (
				A8D016142369F4E200967E9F /* PBXTargetDependency */,
			);
			name = ProjectUITests;
			productName = ProjectUITests;
			productReference = A8D016122369F4E200967E9F /* ProjectUITests.xctest */;
			productType = "com.apple.product-type.bundle.ui-testing";
		};
/* End PBXNativeTarget section */

/* Begin PBXProject section */
		A8D015EB2369F4E200967E9F /* Project object */ = {
			isa = PBXProject;
			attributes = {
				LastSwiftUpdateCheck = 0920;
				LastUpgradeCheck = 0920;
				ORGANIZATIONNAME = Alexandra;
				TargetAttributes = {
					A8D015F22369F4E200967E9F = {
						CreatedOnToolsVersion = 9.2;
						ProvisioningStyle = Automatic;
					};
					A8D016062369F4E200967E9F = {
						CreatedOnToolsVersion = 9.2;
						ProvisioningStyle = Automatic;
						TestTargetID = A8D015F22369F4E200967E9F;
					};
					A8D016112369F4E200967E9F = {
						CreatedOnToolsVersion = 9.2;
						ProvisioningStyle = Automatic;
						TestTargetID = A8D015F22369F4E200967E9F;
					};
				};
			};
			buildConfigurationList = A8D015EE2369F4E200967E9F /* Build configuration list for PBXProject "Project" */;
			compatibilityVersion = "Xcode 8.0";
			developmentRegion = en;
			hasScannedForEncodings = 0;
			knownRegions = (
				en,
				Base,
			);
			mainGroup = A8D015EA2369F4E200967E9F;
			productRefGroup = A8D015F42369F4E200967E9F /* Products */;
			projectDirPath = "";
			projectRoot = "";
			targets = (
				A8D015F22369F4E200967E9F /* Project */,
				A8D016062369F4E200967E9F /* ProjectTests */,
				A8D016112369F4E200967E9F /* ProjectUITests */,
			);
		};
/* End PBXProject section */

/* Begin PBXResourcesBuildPhase section */
		A8D015F12369F4E200967E9F /* Resources */ = {
			isa = PBXResourcesBuildPhase;
			buildActionMask = 2147483647;
			files = (
				A8D016012369F4E200967E9F /* LaunchScreen.storyboard in Resources */,
				A8D015FE2369F4E200967E9F /* Assets.xcassets in Resources */,
				A8D015FC2369F4E200967E9F /* Main.storyboard in Resources */,
			);
			runOnlyForDeploymentPostprocessing = 0;
		};
		A8D016052369F4E200967E9F /* Resources */ = {
			isa = PBXResourcesBuildPhase;
			buildActionMask = 2147483647;
			files = (
			);
			runOnlyForDeploymentPostprocessing = 0;
		};
		A8D016102369F4E200967E9F /* Resources */ = {
			isa = PBXResourcesBuildPhase;
			buildActionMask = 2147483647;
			files = (
			);
			runOnlyForDeploymentPostprocessing = 0;
		};
/* End PBXResourcesBuildPhase section */

/* Begin PBXShellScriptBuildPhase section */
		0B07D5353384DC88EDDDB021 /* [CP] Embed Pods Frameworks */ = {
			isa = PBXShellScriptBuildPhase;
			buildActionMask = 2147483647;
			files = (
			);
			inputPaths = (
				"${PODS_ROOT}/Target Support Files/Pods-Project/Pods-Project-frameworks.sh",
				"${BUILT_PRODUCTS_DIR}/SnapKit/SnapKit.framework",
			);
			name = "[CP] Embed Pods Frameworks";
			outputPaths = (
				"${TARGET_BUILD_DIR}/${FRAMEWORKS_FOLDER_PATH}/SnapKit.framework",
			);
			runOnlyForDeploymentPostprocessing = 0;
			shellPath = /bin/sh;
			shellScript = "\"${PODS_ROOT}/Target Support Files/Pods-Project/Pods-Project-frameworks.sh\"\n";
			showEnvVarsInLog = 0;
		};
		2638852F2D923FABA1849A8E /* [CP] Copy Pods Resources */ = {
			isa = PBXShellScriptBuildPhase;
			buildActionMask = 2147483647;
			files = (
			);
			inputPaths = (
				"${PODS_ROOT}/Target Support Files/Pods-Project/Pods-Project-resources.sh",
				"${PODS_ROOT}/GoogleMaps/Maps/Frameworks/GoogleMaps.framework/Resources/GoogleMaps.bundle",
			);
			name = "[CP] Copy Pods Resources";
			outputPaths = (
				"${TARGET_BUILD_DIR}/${UNLOCALIZED_RESOURCES_FOLDER_PATH}/GoogleMaps.bundle",
			);
			runOnlyForDeploymentPostprocessing = 0;
			shellPath = /bin/sh;
			shellScript = "\"${PODS_ROOT}/Target Support Files/Pods-Project/Pods-Project-resources.sh\"\n";
			showEnvVarsInLog = 0;
		};
		E936168D922820DEA32CD445 /* [CP] Check Pods Manifest.lock */ = {
			isa = PBXShellScriptBuildPhase;
			buildActionMask = 2147483647;
			files = (
			);
			inputPaths = (
				"${PODS_PODFILE_DIR_PATH}/Podfile.lock",
				"${PODS_ROOT}/Manifest.lock",
			);
			name = "[CP] Check Pods Manifest.lock";
			outputPaths = (
				"$(DERIVED_FILE_DIR)/Pods-Project-checkManifestLockResult.txt",
			);
			runOnlyForDeploymentPostprocessing = 0;
			shellPath = /bin/sh;
			shellScript = "diff \"${PODS_PODFILE_DIR_PATH}/Podfile.lock\" \"${PODS_ROOT}/Manifest.lock\" > /dev/null\nif [ $? != 0 ] ; then\n    # print error to STDERR\n    echo \"error: The sandbox is not in sync with the Podfile.lock. Run 'pod install' or update your CocoaPods installation.\" >&2\n    exit 1\nfi\n# This output is used by Xcode 'outputs' to avoid re-running this script phase.\necho \"SUCCESS\" > \"${SCRIPT_OUTPUT_FILE_0}\"\n";
			showEnvVarsInLog = 0;
		};
/* End PBXShellScriptBuildPhase section */

/* Begin PBXSourcesBuildPhase section */
		A8D015EF2369F4E200967E9F /* Sources */ = {
			isa = PBXSourcesBuildPhase;
			buildActionMask = 2147483647;
			files = (
				A84FC3052373431000AA4C3C /* CoreData.xcdatamodeld in Sources */,
				A8D015F92369F4E200967E9F /* ViewController.swift in Sources */,
				A8D015F72369F4E200967E9F /* AppDelegate.swift in Sources */,
				A86AD44A237329AA0059B3AC /* Person.swift in Sources */,
			);
			runOnlyForDeploymentPostprocessing = 0;
		};
		A8D016032369F4E200967E9F /* Sources */ = {
			isa = PBXSourcesBuildPhase;
			buildActionMask = 2147483647;
			files = (
				A8D0160C2369F4E200967E9F /* ProjectTests.swift in Sources */,
			);
			runOnlyForDeploymentPostprocessing = 0;
		};
		A8D0160E2369F4E200967E9F /* Sources */ = {
			isa = PBXSourcesBuildPhase;
			buildActionMask = 2147483647;
			files = (
				A8D016172369F4E200967E9F /* ProjectUITests.swift in Sources */,
			);
			runOnlyForDeploymentPostprocessing = 0;
		};
/* End PBXSourcesBuildPhase section */

/* Begin PBXTargetDependency section */
		A8D016092369F4E200967E9F /* PBXTargetDependency */ = {
			isa = PBXTargetDependency;
			target = A8D015F22369F4E200967E9F /* Project */;
			targetProxy = A8D016082369F4E200967E9F /* PBXContainerItemProxy */;
		};
		A8D016142369F4E200967E9F /* PBXTargetDependency */ = {
			isa = PBXTargetDependency;
			target = A8D015F22369F4E200967E9F /* Project */;
			targetProxy = A8D016132369F4E200967E9F /* PBXContainerItemProxy */;
		};
/* End PBXTargetDependency section */

/* Begin PBXVariantGroup section */
		A8D015FA2369F4E200967E9F /* Main.storyboard */ = {
			isa = PBXVariantGroup;
			children = (
				A8D015FB2369F4E200967E9F /* Base */,
			);
			name = Main.storyboard;
			sourceTree = "<group>";
		};
		A8D015FF2369F4E200967E9F /* LaunchScreen.storyboard */ = {
			isa = PBXVariantGroup;
			children = (
				A8D016002369F4E200967E9F /* Base */,
			);
			name = LaunchScreen.storyboard;
			sourceTree = "<group>";
		};
/* End PBXVariantGroup section */

/* Begin XCBuildConfiguration section */
		A8D016192369F4E200967E9F /* Debug */ = {
			isa = XCBuildConfiguration;
			buildSettings = {
				ALWAYS_SEARCH_USER_PATHS = NO;
				CLANG_ANALYZER_NONNULL = YES;
				CLANG_ANALYZER_NUMBER_OBJECT_CONVERSION = YES_AGGRESSIVE;
				CLANG_CXX_LANGUAGE_STANDARD = "gnu++14";
				CLANG_CXX_LIBRARY = "libc++";
				CLANG_ENABLE_MODULES = YES;
				CLANG_ENABLE_OBJC_ARC = YES;
				CLANG_WARN_BLOCK_CAPTURE_AUTORELEASING = YES;
				CLANG_WARN_BOOL_CONVERSION = YES;
				CLANG_WARN_COMMA = YES;
				CLANG_WARN_CONSTANT_CONVERSION = YES;
				CLANG_WARN_DIRECT_OBJC_ISA_USAGE = YES_ERROR;
				CLANG_WARN_DOCUMENTATION_COMMENTS = YES;
				CLANG_WARN_EMPTY_BODY = YES;
				CLANG_WARN_ENUM_CONVERSION = YES;
				CLANG_WARN_INFINITE_RECURSION = YES;
				CLANG_WARN_INT_CONVERSION = YES;
				CLANG_WARN_NON_LITERAL_NULL_CONVERSION = YES;
				CLANG_WARN_OBJC_LITERAL_CONVERSION = YES;
				CLANG_WARN_OBJC_ROOT_CLASS = YES_ERROR;
				CLANG_WARN_RANGE_LOOP_ANALYSIS = YES;
				CLANG_WARN_STRICT_PROTOTYPES = YES;
				CLANG_WARN_SUSPICIOUS_MOVE = YES;
				CLANG_WARN_UNGUARDED_AVAILABILITY = YES_AGGRESSIVE;
				CLANG_WARN_UNREACHABLE_CODE = YES;
				CLANG_WARN__DUPLICATE_METHOD_MATCH = YES;
				CODE_SIGN_IDENTITY = "iPhone Developer";
				COPY_PHASE_STRIP = NO;
				DEBUG_INFORMATION_FORMAT = dwarf;
				ENABLE_STRICT_OBJC_MSGSEND = YES;
				ENABLE_TESTABILITY = YES;
				GCC_C_LANGUAGE_STANDARD = gnu11;
				GCC_DYNAMIC_NO_PIC = NO;
				GCC_NO_COMMON_BLOCKS = YES;
				GCC_OPTIMIZATION_LEVEL = 0;
				GCC_PREPROCESSOR_DEFINITIONS = (
					"DEBUG=1",
					"$(inherited)",
				);
				GCC_WARN_64_TO_32_BIT_CONVERSION = YES;
				GCC_WARN_ABOUT_RETURN_TYPE = YES_ERROR;
				GCC_WARN_UNDECLARED_SELECTOR = YES;
				GCC_WARN_UNINITIALIZED_AUTOS = YES_AGGRESSIVE;
				GCC_WARN_UNUSED_FUNCTION = YES;
				GCC_WARN_UNUSED_VARIABLE = YES;
				IPHONEOS_DEPLOYMENT_TARGET = 11.2;
				MTL_ENABLE_DEBUG_INFO = YES;
				ONLY_ACTIVE_ARCH = YES;
				SDKROOT = iphoneos;
				SWIFT_ACTIVE_COMPILATION_CONDITIONS = DEBUG;
				SWIFT_OPTIMIZATION_LEVEL = "-Onone";
			};
			name = Debug;
		};
		A8D0161A2369F4E200967E9F /* Release */ = {
			isa = XCBuildConfiguration;
			buildSettings = {
				ALWAYS_SEARCH_USER_PATHS = NO;
				CLANG_ANALYZER_NONNULL = YES;
				CLANG_ANALYZER_NUMBER_OBJECT_CONVERSION = YES_AGGRESSIVE;
				CLANG_CXX_LANGUAGE_STANDARD = "gnu++14";
				CLANG_CXX_LIBRARY = "libc++";
				CLANG_ENABLE_MODULES = YES;
				CLANG_ENABLE_OBJC_ARC = YES;
				CLANG_WARN_BLOCK_CAPTURE_AUTORELEASING = YES;
				CLANG_WARN_BOOL_CONVERSION = YES;
				CLANG_WARN_COMMA = YES;
				CLANG_WARN_CONSTANT_CONVERSION = YES;
				CLANG_WARN_DIRECT_OBJC_ISA_USAGE = YES_ERROR;
				CLANG_WARN_DOCUMENTATION_COMMENTS = YES;
				CLANG_WARN_EMPTY_BODY = YES;
				CLANG_WARN_ENUM_CONVERSION = YES;
				CLANG_WARN_INFINITE_RECURSION = YES;
				CLANG_WARN_INT_CONVERSION = YES;
				CLANG_WARN_NON_LITERAL_NULL_CONVERSION = YES;
				CLANG_WARN_OBJC_LITERAL_CONVERSION = YES;
				CLANG_WARN_OBJC_ROOT_CLASS = YES_ERROR;
				CLANG_WARN_RANGE_LOOP_ANALYSIS = YES;
				CLANG_WARN_STRICT_PROTOTYPES = YES;
				CLANG_WARN_SUSPICIOUS_MOVE = YES;
				CLANG_WARN_UNGUARDED_AVAILABILITY = YES_AGGRESSIVE;
				CLANG_WARN_UNREACHABLE_CODE = YES;
				CLANG_WARN__DUPLICATE_METHOD_MATCH = YES;
				CODE_SIGN_IDENTITY = "iPhone Developer";
				COPY_PHASE_STRIP = NO;
				DEBUG_INFORMATION_FORMAT = "dwarf-with-dsym";
				ENABLE_NS_ASSERTIONS = NO;
				ENABLE_STRICT_OBJC_MSGSEND = YES;
				GCC_C_LANGUAGE_STANDARD = gnu11;
				GCC_NO_COMMON_BLOCKS = YES;
				GCC_WARN_64_TO_32_BIT_CONVERSION = YES;
				GCC_WARN_ABOUT_RETURN_TYPE = YES_ERROR;
				GCC_WARN_UNDECLARED_SELECTOR = YES;
				GCC_WARN_UNINITIALIZED_AUTOS = YES_AGGRESSIVE;
				GCC_WARN_UNUSED_FUNCTION = YES;
				GCC_WARN_UNUSED_VARIABLE = YES;
				IPHONEOS_DEPLOYMENT_TARGET = 11.2;
				MTL_ENABLE_DEBUG_INFO = NO;
				SDKROOT = iphoneos;
				SWIFT_OPTIMIZATION_LEVEL = "-Owholemodule";
				VALIDATE_PRODUCT = YES;
			};
			name = Release;
		};
		A8D0161C2369F4E200967E9F /* Debug */ = {
			isa = XCBuildConfiguration;
			baseConfigurationReference = 5484D654D0F68140CA4124D7 /* Pods-Project.debug.xcconfig */;
			buildSettings = {
				ASSETCATALOG_COMPILER_APPICON_NAME = AppIcon;
				CODE_SIGN_STYLE = Automatic;
				INFOPLIST_FILE = Project/Info.plist;
				LD_RUNPATH_SEARCH_PATHS = "$(inherited) @executable_path/Frameworks";
				PRODUCT_BUNDLE_IDENTIFIER = "-.Project";
				PRODUCT_NAME = "$(TARGET_NAME)";
				SWIFT_VERSION = 4.0;
				TARGETED_DEVICE_FAMILY = "1,2";
			};
			name = Debug;
		};
		A8D0161D2369F4E200967E9F /* Release */ = {
			isa = XCBuildConfiguration;
			baseConfigurationReference = BF75D4821BAC9146A6DD6A0C /* Pods-Project.release.xcconfig */;
			buildSettings = {
				ASSETCATALOG_COMPILER_APPICON_NAME = AppIcon;
				CODE_SIGN_STYLE = Automatic;
				INFOPLIST_FILE = Project/Info.plist;
				LD_RUNPATH_SEARCH_PATHS = "$(inherited) @executable_path/Frameworks";
				PRODUCT_BUNDLE_IDENTIFIER = "-.Project";
				PRODUCT_NAME = "$(TARGET_NAME)";
				SWIFT_VERSION = 4.0;
				TARGETED_DEVICE_FAMILY = "1,2";
			};
			name = Release;
		};
		A8D0161F2369F4E200967E9F /* Debug */ = {
			isa = XCBuildConfiguration;
			buildSettings = {
				ALWAYS_EMBED_SWIFT_STANDARD_LIBRARIES = YES;
				BUNDLE_LOADER = "$(TEST_HOST)";
				CODE_SIGN_STYLE = Automatic;
				INFOPLIST_FILE = ProjectTests/Info.plist;
				LD_RUNPATH_SEARCH_PATHS = "$(inherited) @executable_path/Frameworks @loader_path/Frameworks";
				PRODUCT_BUNDLE_IDENTIFIER = "-.ProjectTests";
				PRODUCT_NAME = "$(TARGET_NAME)";
				SWIFT_VERSION = 4.0;
				TARGETED_DEVICE_FAMILY = "1,2";
				TEST_HOST = "$(BUILT_PRODUCTS_DIR)/Project.app/Project";
			};
			name = Debug;
		};
		A8D016202369F4E200967E9F /* Release */ = {
			isa = XCBuildConfiguration;
			buildSettings = {
				ALWAYS_EMBED_SWIFT_STANDARD_LIBRARIES = YES;
				BUNDLE_LOADER = "$(TEST_HOST)";
				CODE_SIGN_STYLE = Automatic;
				INFOPLIST_FILE = ProjectTests/Info.plist;
				LD_RUNPATH_SEARCH_PATHS = "$(inherited) @executable_path/Frameworks @loader_path/Frameworks";
				PRODUCT_BUNDLE_IDENTIFIER = "-.ProjectTests";
				PRODUCT_NAME = "$(TARGET_NAME)";
				SWIFT_VERSION = 4.0;
				TARGETED_DEVICE_FAMILY = "1,2";
				TEST_HOST = "$(BUILT_PRODUCTS_DIR)/Project.app/Project";
			};
			name = Release;
		};
		A8D016222369F4E200967E9F /* Debug */ = {
			isa = XCBuildConfiguration;
			buildSettings = {
				ALWAYS_EMBED_SWIFT_STANDARD_LIBRARIES = YES;
				CODE_SIGN_STYLE = Automatic;
				INFOPLIST_FILE = ProjectUITests/Info.plist;
				LD_RUNPATH_SEARCH_PATHS = "$(inherited) @executable_path/Frameworks @loader_path/Frameworks";
				PRODUCT_BUNDLE_IDENTIFIER = "-.ProjectUITests";
				PRODUCT_NAME = "$(TARGET_NAME)";
				SWIFT_VERSION = 4.0;
				TARGETED_DEVICE_FAMILY = "1,2";
				TEST_TARGET_NAME = Project;
			};
			name = Debug;
		};
		A8D016232369F4E200967E9F /* Release */ = {
			isa = XCBuildConfiguration;
			buildSettings = {
				ALWAYS_EMBED_SWIFT_STANDARD_LIBRARIES = YES;
				CODE_SIGN_STYLE = Automatic;
				INFOPLIST_FILE = ProjectUITests/Info.plist;
				LD_RUNPATH_SEARCH_PATHS = "$(inherited) @executable_path/Frameworks @loader_path/Frameworks";
				PRODUCT_BUNDLE_IDENTIFIER = "-.ProjectUITests";
				PRODUCT_NAME = "$(TARGET_NAME)";
				SWIFT_VERSION = 4.0;
				TARGETED_DEVICE_FAMILY = "1,2";
				TEST_TARGET_NAME = Project;
			};
			name = Release;
		};
/* End XCBuildConfiguration section */

/* Begin XCConfigurationList section */
		A8D015EE2369F4E200967E9F /* Build configuration list for PBXProject "Project" */ = {
			isa = XCConfigurationList;
			buildConfigurations = (
				A8D016192369F4E200967E9F /* Debug */,
				A8D0161A2369F4E200967E9F /* Release */,
			);
			defaultConfigurationIsVisible = 0;
			defaultConfigurationName = Release;
		};
		A8D0161B2369F4E200967E9F /* Build configuration list for PBXNativeTarget "Project" */ = {
			isa = XCConfigurationList;
			buildConfigurations = (
				A8D0161C2369F4E200967E9F /* Debug */,
				A8D0161D2369F4E200967E9F /* Release */,
			);
			defaultConfigurationIsVisible = 0;
			defaultConfigurationName = Release;
		};
		A8D0161E2369F4E200967E9F /* Build configuration list for PBXNativeTarget "ProjectTests" */ = {
			isa = XCConfigurationList;
			buildConfigurations = (
				A8D0161F2369F4E200967E9F /* Debug */,
				A8D016202369F4E200967E9F /* Release */,
			);
			defaultConfigurationIsVisible = 0;
			defaultConfigurationName = Release;
		};
		A8D016212369F4E200967E9F /* Build configuration list for PBXNativeTarget "ProjectUITests" */ = {
			isa = XCConfigurationList;
			buildConfigurations = (
				A8D016222369F4E200967E9F /* Debug */,
				A8D016232369F4E200967E9F /* Release */,
			);
			defaultConfigurationIsVisible = 0;
			defaultConfigurationName = Release;
		};
/* End XCConfigurationList section */

/* Begin XCVersionGroup section */
		A84FC3032373431000AA4C3C /* CoreData.xcdatamodeld */ = {
			isa = XCVersionGroup;
			children = (
				A84FC3042373431000AA4C3C /* CoreData.xcdatamodel */,
			);
			currentVersion = A84FC3042373431000AA4C3C /* CoreData.xcdatamodel */;
			path = CoreData.xcdatamodeld;
			sourceTree = "<group>";
			versionGroupType = wrapper.xcdatamodel;
		};
/* End XCVersionGroup section */
	};
	rootObject = A8D015EB2369F4E200967E9F /* Project object */;
}
