// !$*UTF8*$!
{
	archiveVersion = 1;
	classes = {
	};
	objectVersion = 48;
	objects = {

/* Begin PBXBuildFile section */
		A86C05FF232F67CF00819481 /* AppDelegate.swift in Sources */ = {isa = PBXBuildFile; fileRef = A86C05FE232F67CF00819481 /* AppDelegate.swift */; };
		A86C0601232F67CF00819481 /* ViewController.swift in Sources */ = {isa = PBXBuildFile; fileRef = A86C0600232F67CF00819481 /* ViewController.swift */; };
		A86C0604232F67CF00819481 /* Main.storyboard in Resources */ = {isa = PBXBuildFile; fileRef = A86C0602232F67CF00819481 /* Main.storyboard */; };
		A86C0606232F67CF00819481 /* Assets.xcassets in Resources */ = {isa = PBXBuildFile; fileRef = A86C0605232F67CF00819481 /* Assets.xcassets */; };
		A86C0609232F67CF00819481 /* LaunchScreen.storyboard in Resources */ = {isa = PBXBuildFile; fileRef = A86C0607232F67CF00819481 /* LaunchScreen.storyboard */; };
		A86C0614232F67CF00819481 /* Calc_MVCTests.swift in Sources */ = {isa = PBXBuildFile; fileRef = A86C0613232F67CF00819481 /* Calc_MVCTests.swift */; };
		A86C061F232F67CF00819481 /* Calc_MVCUITests.swift in Sources */ = {isa = PBXBuildFile; fileRef = A86C061E232F67CF00819481 /* Calc_MVCUITests.swift */; };
		A86C062D232F6CE400819481 /* Calc.swift in Sources */ = {isa = PBXBuildFile; fileRef = A86C062C232F6CE400819481 /* Calc.swift */; };
/* End PBXBuildFile section */

/* Begin PBXContainerItemProxy section */
		A86C0610232F67CF00819481 /* PBXContainerItemProxy */ = {
			isa = PBXContainerItemProxy;
			containerPortal = A86C05F3232F67CF00819481 /* Project object */;
			proxyType = 1;
			remoteGlobalIDString = A86C05FA232F67CF00819481;
			remoteInfo = "Calc MVC";
		};
		A86C061B232F67CF00819481 /* PBXContainerItemProxy */ = {
			isa = PBXContainerItemProxy;
			containerPortal = A86C05F3232F67CF00819481 /* Project object */;
			proxyType = 1;
			remoteGlobalIDString = A86C05FA232F67CF00819481;
			remoteInfo = "Calc MVC";
		};
/* End PBXContainerItemProxy section */

/* Begin PBXFileReference section */
		A86C05FB232F67CF00819481 /* Calc MVC.app */ = {isa = PBXFileReference; explicitFileType = wrapper.application; includeInIndex = 0; path = "Calc MVC.app"; sourceTree = BUILT_PRODUCTS_DIR; };
		A86C05FE232F67CF00819481 /* AppDelegate.swift */ = {isa = PBXFileReference; lastKnownFileType = sourcecode.swift; path = AppDelegate.swift; sourceTree = "<group>"; };
		A86C0600232F67CF00819481 /* ViewController.swift */ = {isa = PBXFileReference; lastKnownFileType = sourcecode.swift; path = ViewController.swift; sourceTree = "<group>"; };
		A86C0603232F67CF00819481 /* Base */ = {isa = PBXFileReference; lastKnownFileType = file.storyboard; name = Base; path = Base.lproj/Main.storyboard; sourceTree = "<group>"; };
		A86C0605232F67CF00819481 /* Assets.xcassets */ = {isa = PBXFileReference; lastKnownFileType = folder.assetcatalog; path = Assets.xcassets; sourceTree = "<group>"; };
		A86C0608232F67CF00819481 /* Base */ = {isa = PBXFileReference; lastKnownFileType = file.storyboard; name = Base; path = Base.lproj/LaunchScreen.storyboard; sourceTree = "<group>"; };
		A86C060A232F67CF00819481 /* Info.plist */ = {isa = PBXFileReference; lastKnownFileType = text.plist.xml; path = Info.plist; sourceTree = "<group>"; };
		A86C060F232F67CF00819481 /* Calc MVCTests.xctest */ = {isa = PBXFileReference; explicitFileType = wrapper.cfbundle; includeInIndex = 0; name = "Calc MVCTests.xctest"; path = "/Users/alexandra/Desktop/Calc MVC/build/Debug-iphoneos/Calc MVCTests.xctest"; sourceTree = "<absolute>"; };
		A86C0613232F67CF00819481 /* Calc_MVCTests.swift */ = {isa = PBXFileReference; lastKnownFileType = sourcecode.swift; path = Calc_MVCTests.swift; sourceTree = "<group>"; };
		A86C0615232F67CF00819481 /* Info.plist */ = {isa = PBXFileReference; lastKnownFileType = text.plist.xml; path = Info.plist; sourceTree = "<group>"; };
		A86C061A232F67CF00819481 /* Calc MVCUITests.xctest */ = {isa = PBXFileReference; explicitFileType = wrapper.cfbundle; includeInIndex = 0; name = "Calc MVCUITests.xctest"; path = "/Users/alexandra/Desktop/Calc MVC/build/Debug-iphoneos/Calc MVCUITests.xctest"; sourceTree = "<absolute>"; };
		A86C061E232F67CF00819481 /* Calc_MVCUITests.swift */ = {isa = PBXFileReference; lastKnownFileType = sourcecode.swift; path = Calc_MVCUITests.swift; sourceTree = "<group>"; };
		A86C0620232F67CF00819481 /* Info.plist */ = {isa = PBXFileReference; lastKnownFileType = text.plist.xml; path = Info.plist; sourceTree = "<group>"; };
		A86C062C232F6CE400819481 /* Calc.swift */ = {isa = PBXFileReference; lastKnownFileType = sourcecode.swift; path = Calc.swift; sourceTree = "<group>"; };
/* End PBXFileReference section */

/* Begin PBXFrameworksBuildPhase section */
		A86C05F8232F67CF00819481 /* Frameworks */ = {
			isa = PBXFrameworksBuildPhase;
			buildActionMask = 2147483647;
			files = (
			);
			runOnlyForDeploymentPostprocessing = 0;
		};
		A86C060C232F67CF00819481 /* Frameworks */ = {
			isa = PBXFrameworksBuildPhase;
			buildActionMask = 2147483647;
			files = (
			);
			runOnlyForDeploymentPostprocessing = 0;
		};
		A86C0617232F67CF00819481 /* Frameworks */ = {
			isa = PBXFrameworksBuildPhase;
			buildActionMask = 2147483647;
			files = (
			);
			runOnlyForDeploymentPostprocessing = 0;
		};
/* End PBXFrameworksBuildPhase section */

/* Begin PBXGroup section */
		A86C05F2232F67CF00819481 = {
			isa = PBXGroup;
			children = (
				A86C05FD232F67CF00819481 /* Calc MVC */,
				A86C0612232F67CF00819481 /* Calc MVCTests */,
				A86C061D232F67CF00819481 /* Calc MVCUITests */,
			);
			sourceTree = "<group>";
		};
		A86C05FC232F67CF00819481 /* Products */ = {
			isa = PBXGroup;
			children = (
				A86C05FB232F67CF00819481 /* Calc MVC.app */,
			);
			name = Products;
			path = ..;
			sourceTree = "<group>";
		};
		A86C05FD232F67CF00819481 /* Calc MVC */ = {
			isa = PBXGroup;
			children = (
				A86C05FE232F67CF00819481 /* AppDelegate.swift */,
				A86C0600232F67CF00819481 /* ViewController.swift */,
				A86C0602232F67CF00819481 /* Main.storyboard */,
				A86C0605232F67CF00819481 /* Assets.xcassets */,
				A86C0607232F67CF00819481 /* LaunchScreen.storyboard */,
				A86C060A232F67CF00819481 /* Info.plist */,
				A86C062C232F6CE400819481 /* Calc.swift */,
			);
			path = "Calc MVC";
			sourceTree = "<group>";
		};
		A86C0612232F67CF00819481 /* Calc MVCTests */ = {
			isa = PBXGroup;
			children = (
				A86C0613232F67CF00819481 /* Calc_MVCTests.swift */,
				A86C0615232F67CF00819481 /* Info.plist */,
			);
			path = "Calc MVCTests";
			sourceTree = "<group>";
		};
		A86C061D232F67CF00819481 /* Calc MVCUITests */ = {
			isa = PBXGroup;
			children = (
				A86C061E232F67CF00819481 /* Calc_MVCUITests.swift */,
				A86C0620232F67CF00819481 /* Info.plist */,
				A86C05FC232F67CF00819481 /* Products */,
			);
			path = "Calc MVCUITests";
			sourceTree = "<group>";
		};
/* End PBXGroup section */

/* Begin PBXNativeTarget section */
		A86C05FA232F67CF00819481 /* Calc MVC */ = {
			isa = PBXNativeTarget;
			buildConfigurationList = A86C0623232F67CF00819481 /* Build configuration list for PBXNativeTarget "Calc MVC" */;
			buildPhases = (
				A86C05F7232F67CF00819481 /* Sources */,
				A86C05F8232F67CF00819481 /* Frameworks */,
				A86C05F9232F67CF00819481 /* Resources */,
			);
			buildRules = (
			);
			dependencies = (
			);
			name = "Calc MVC";
			productName = "Calc MVC";
			productReference = A86C05FB232F67CF00819481 /* Calc MVC.app */;
			productType = "com.apple.product-type.application";
		};
		A86C060E232F67CF00819481 /* Calc MVCTests */ = {
			isa = PBXNativeTarget;
			buildConfigurationList = A86C0626232F67CF00819481 /* Build configuration list for PBXNativeTarget "Calc MVCTests" */;
			buildPhases = (
				A86C060B232F67CF00819481 /* Sources */,
				A86C060C232F67CF00819481 /* Frameworks */,
				A86C060D232F67CF00819481 /* Resources */,
			);
			buildRules = (
			);
			dependencies = (
				A86C0611232F67CF00819481 /* PBXTargetDependency */,
			);
			name = "Calc MVCTests";
			productName = "Calc MVCTests";
			productReference = A86C060F232F67CF00819481 /* Calc MVCTests.xctest */;
			productType = "com.apple.product-type.bundle.unit-test";
		};
		A86C0619232F67CF00819481 /* Calc MVCUITests */ = {
			isa = PBXNativeTarget;
			buildConfigurationList = A86C0629232F67CF00819481 /* Build configuration list for PBXNativeTarget "Calc MVCUITests" */;
			buildPhases = (
				A86C0616232F67CF00819481 /* Sources */,
				A86C0617232F67CF00819481 /* Frameworks */,
				A86C0618232F67CF00819481 /* Resources */,
			);
			buildRules = (
			);
			dependencies = (
				A86C061C232F67CF00819481 /* PBXTargetDependency */,
			);
			name = "Calc MVCUITests";
			productName = "Calc MVCUITests";
			productReference = A86C061A232F67CF00819481 /* Calc MVCUITests.xctest */;
			productType = "com.apple.product-type.bundle.ui-testing";
		};
/* End PBXNativeTarget section */

/* Begin PBXProject section */
		A86C05F3232F67CF00819481 /* Project object */ = {
			isa = PBXProject;
			attributes = {
				LastSwiftUpdateCheck = 0920;
				LastUpgradeCheck = 0920;
				ORGANIZATIONNAME = Alexandra;
				TargetAttributes = {
					A86C05FA232F67CF00819481 = {
						CreatedOnToolsVersion = 9.2;
						ProvisioningStyle = Automatic;
					};
					A86C060E232F67CF00819481 = {
						CreatedOnToolsVersion = 9.2;
						ProvisioningStyle = Automatic;
						TestTargetID = A86C05FA232F67CF00819481;
					};
					A86C0619232F67CF00819481 = {
						CreatedOnToolsVersion = 9.2;
						ProvisioningStyle = Automatic;
						TestTargetID = A86C05FA232F67CF00819481;
					};
				};
			};
			buildConfigurationList = A86C05F6232F67CF00819481 /* Build configuration list for PBXProject "Calc MVC" */;
			compatibilityVersion = "Xcode 8.0";
			developmentRegion = en;
			hasScannedForEncodings = 0;
			knownRegions = (
				en,
				Base,
			);
			mainGroup = A86C05F2232F67CF00819481;
			productRefGroup = A86C05FC232F67CF00819481 /* Products */;
			projectDirPath = "";
			projectRoot = "";
			targets = (
				A86C05FA232F67CF00819481 /* Calc MVC */,
				A86C060E232F67CF00819481 /* Calc MVCTests */,
				A86C0619232F67CF00819481 /* Calc MVCUITests */,
			);
		};
/* End PBXProject section */

/* Begin PBXResourcesBuildPhase section */
		A86C05F9232F67CF00819481 /* Resources */ = {
			isa = PBXResourcesBuildPhase;
			buildActionMask = 2147483647;
			files = (
				A86C0609232F67CF00819481 /* LaunchScreen.storyboard in Resources */,
				A86C0606232F67CF00819481 /* Assets.xcassets in Resources */,
				A86C0604232F67CF00819481 /* Main.storyboard in Resources */,
			);
			runOnlyForDeploymentPostprocessing = 0;
		};
		A86C060D232F67CF00819481 /* Resources */ = {
			isa = PBXResourcesBuildPhase;
			buildActionMask = 2147483647;
			files = (
			);
			runOnlyForDeploymentPostprocessing = 0;
		};
		A86C0618232F67CF00819481 /* Resources */ = {
			isa = PBXResourcesBuildPhase;
			buildActionMask = 2147483647;
			files = (
			);
			runOnlyForDeploymentPostprocessing = 0;
		};
/* End PBXResourcesBuildPhase section */

/* Begin PBXSourcesBuildPhase section */
		A86C05F7232F67CF00819481 /* Sources */ = {
			isa = PBXSourcesBuildPhase;
			buildActionMask = 2147483647;
			files = (
				A86C0601232F67CF00819481 /* ViewController.swift in Sources */,
				A86C062D232F6CE400819481 /* Calc.swift in Sources */,
				A86C05FF232F67CF00819481 /* AppDelegate.swift in Sources */,
			);
			runOnlyForDeploymentPostprocessing = 0;
		};
		A86C060B232F67CF00819481 /* Sources */ = {
			isa = PBXSourcesBuildPhase;
			buildActionMask = 2147483647;
			files = (
				A86C0614232F67CF00819481 /* Calc_MVCTests.swift in Sources */,
			);
			runOnlyForDeploymentPostprocessing = 0;
		};
		A86C0616232F67CF00819481 /* Sources */ = {
			isa = PBXSourcesBuildPhase;
			buildActionMask = 2147483647;
			files = (
				A86C061F232F67CF00819481 /* Calc_MVCUITests.swift in Sources */,
			);
			runOnlyForDeploymentPostprocessing = 0;
		};
/* End PBXSourcesBuildPhase section */

/* Begin PBXTargetDependency section */
		A86C0611232F67CF00819481 /* PBXTargetDependency */ = {
			isa = PBXTargetDependency;
			target = A86C05FA232F67CF00819481 /* Calc MVC */;
			targetProxy = A86C0610232F67CF00819481 /* PBXContainerItemProxy */;
		};
		A86C061C232F67CF00819481 /* PBXTargetDependency */ = {
			isa = PBXTargetDependency;
			target = A86C05FA232F67CF00819481 /* Calc MVC */;
			targetProxy = A86C061B232F67CF00819481 /* PBXContainerItemProxy */;
		};
/* End PBXTargetDependency section */

/* Begin PBXVariantGroup section */
		A86C0602232F67CF00819481 /* Main.storyboard */ = {
			isa = PBXVariantGroup;
			children = (
				A86C0603232F67CF00819481 /* Base */,
			);
			name = Main.storyboard;
			sourceTree = "<group>";
		};
		A86C0607232F67CF00819481 /* LaunchScreen.storyboard */ = {
			isa = PBXVariantGroup;
			children = (
				A86C0608232F67CF00819481 /* Base */,
			);
			name = LaunchScreen.storyboard;
			sourceTree = "<group>";
		};
/* End PBXVariantGroup section */

/* Begin XCBuildConfiguration section */
		A86C0621232F67CF00819481 /* Debug */ = {
			isa = XCBuildConfiguration;
			buildSettings = {
				ALWAYS_SEARCH_USER_PATHS = NO;
				CLANG_ANALYZER_NONNULL = YES;
				CLANG_ANALYZER_NUMBER_OBJECT_CONVERSION = YES_AGGRESSIVE;
				CLANG_CXX_LANGUAGE_STANDARD = "gnu++14";
				CLANG_CXX_LIBRARY = "libc++";
				CLANG_ENABLE_MODULES = YES;
				CLANG_ENABLE_OBJC_ARC = YES;
				CLANG_WARN_BLOCK_CAPTURE_AUTORELEASING = YES;
				CLANG_WARN_BOOL_CONVERSION = YES;
				CLANG_WARN_COMMA = YES;
				CLANG_WARN_CONSTANT_CONVERSION = YES;
				CLANG_WARN_DIRECT_OBJC_ISA_USAGE = YES_ERROR;
				CLANG_WARN_DOCUMENTATION_COMMENTS = YES;
				CLANG_WARN_EMPTY_BODY = YES;
				CLANG_WARN_ENUM_CONVERSION = YES;
				CLANG_WARN_INFINITE_RECURSION = YES;
				CLANG_WARN_INT_CONVERSION = YES;
				CLANG_WARN_NON_LITERAL_NULL_CONVERSION = YES;
				CLANG_WARN_OBJC_LITERAL_CONVERSION = YES;
				CLANG_WARN_OBJC_ROOT_CLASS = YES_ERROR;
				CLANG_WARN_RANGE_LOOP_ANALYSIS = YES;
				CLANG_WARN_STRICT_PROTOTYPES = YES;
				CLANG_WARN_SUSPICIOUS_MOVE = YES;
				CLANG_WARN_UNGUARDED_AVAILABILITY = YES_AGGRESSIVE;
				CLANG_WARN_UNREACHABLE_CODE = YES;
				CLANG_WARN__DUPLICATE_METHOD_MATCH = YES;
				CODE_SIGN_IDENTITY = "iPhone Developer";
				COPY_PHASE_STRIP = NO;
				DEBUG_INFORMATION_FORMAT = dwarf;
				ENABLE_STRICT_OBJC_MSGSEND = YES;
				ENABLE_TESTABILITY = YES;
				GCC_C_LANGUAGE_STANDARD = gnu11;
				GCC_DYNAMIC_NO_PIC = NO;
				GCC_NO_COMMON_BLOCKS = YES;
				GCC_OPTIMIZATION_LEVEL = 0;
				GCC_PREPROCESSOR_DEFINITIONS = (
					"DEBUG=1",
					"$(inherited)",
				);
				GCC_WARN_64_TO_32_BIT_CONVERSION = YES;
				GCC_WARN_ABOUT_RETURN_TYPE = YES_ERROR;
				GCC_WARN_UNDECLARED_SELECTOR = YES;
				GCC_WARN_UNINITIALIZED_AUTOS = YES_AGGRESSIVE;
				GCC_WARN_UNUSED_FUNCTION = YES;
				GCC_WARN_UNUSED_VARIABLE = YES;
				IPHONEOS_DEPLOYMENT_TARGET = 11.2;
				MTL_ENABLE_DEBUG_INFO = YES;
				ONLY_ACTIVE_ARCH = YES;
				SDKROOT = iphoneos;
				SWIFT_ACTIVE_COMPILATION_CONDITIONS = DEBUG;
				SWIFT_OPTIMIZATION_LEVEL = "-Onone";
			};
			name = Debug;
		};
		A86C0622232F67CF00819481 /* Release */ = {
			isa = XCBuildConfiguration;
			buildSettings = {
				ALWAYS_SEARCH_USER_PATHS = NO;
				CLANG_ANALYZER_NONNULL = YES;
				CLANG_ANALYZER_NUMBER_OBJECT_CONVERSION = YES_AGGRESSIVE;
				CLANG_CXX_LANGUAGE_STANDARD = "gnu++14";
				CLANG_CXX_LIBRARY = "libc++";
				CLANG_ENABLE_MODULES = YES;
				CLANG_ENABLE_OBJC_ARC = YES;
				CLANG_WARN_BLOCK_CAPTURE_AUTORELEASING = YES;
				CLANG_WARN_BOOL_CONVERSION = YES;
				CLANG_WARN_COMMA = YES;
				CLANG_WARN_CONSTANT_CONVERSION = YES;
				CLANG_WARN_DIRECT_OBJC_ISA_USAGE = YES_ERROR;
				CLANG_WARN_DOCUMENTATION_COMMENTS = YES;
				CLANG_WARN_EMPTY_BODY = YES;
				CLANG_WARN_ENUM_CONVERSION = YES;
				CLANG_WARN_INFINITE_RECURSION = YES;
				CLANG_WARN_INT_CONVERSION = YES;
				CLANG_WARN_NON_LITERAL_NULL_CONVERSION = YES;
				CLANG_WARN_OBJC_LITERAL_CONVERSION = YES;
				CLANG_WARN_OBJC_ROOT_CLASS = YES_ERROR;
				CLANG_WARN_RANGE_LOOP_ANALYSIS = YES;
				CLANG_WARN_STRICT_PROTOTYPES = YES;
				CLANG_WARN_SUSPICIOUS_MOVE = YES;
				CLANG_WARN_UNGUARDED_AVAILABILITY = YES_AGGRESSIVE;
				CLANG_WARN_UNREACHABLE_CODE = YES;
				CLANG_WARN__DUPLICATE_METHOD_MATCH = YES;
				CODE_SIGN_IDENTITY = "iPhone Developer";
				COPY_PHASE_STRIP = NO;
				DEBUG_INFORMATION_FORMAT = "dwarf-with-dsym";
				ENABLE_NS_ASSERTIONS = NO;
				ENABLE_STRICT_OBJC_MSGSEND = YES;
				GCC_C_LANGUAGE_STANDARD = gnu11;
				GCC_NO_COMMON_BLOCKS = YES;
				GCC_WARN_64_TO_32_BIT_CONVERSION = YES;
				GCC_WARN_ABOUT_RETURN_TYPE = YES_ERROR;
				GCC_WARN_UNDECLARED_SELECTOR = YES;
				GCC_WARN_UNINITIALIZED_AUTOS = YES_AGGRESSIVE;
				GCC_WARN_UNUSED_FUNCTION = YES;
				GCC_WARN_UNUSED_VARIABLE = YES;
				IPHONEOS_DEPLOYMENT_TARGET = 11.2;
				MTL_ENABLE_DEBUG_INFO = NO;
				SDKROOT = iphoneos;
				SWIFT_OPTIMIZATION_LEVEL = "-Owholemodule";
				VALIDATE_PRODUCT = YES;
			};
			name = Release;
		};
		A86C0624232F67CF00819481 /* Debug */ = {
			isa = XCBuildConfiguration;
			buildSettings = {
				ASSETCATALOG_COMPILER_APPICON_NAME = AppIcon;
				CODE_SIGN_STYLE = Automatic;
				INFOPLIST_FILE = "Calc MVC/Info.plist";
				LD_RUNPATH_SEARCH_PATHS = "$(inherited) @executable_path/Frameworks";
				PRODUCT_BUNDLE_IDENTIFIER = "-.Calc-MVC";
				PRODUCT_NAME = "$(TARGET_NAME)";
				SWIFT_VERSION = 4.0;
				TARGETED_DEVICE_FAMILY = "1,2";
			};
			name = Debug;
		};
		A86C0625232F67CF00819481 /* Release */ = {
			isa = XCBuildConfiguration;
			buildSettings = {
				ASSETCATALOG_COMPILER_APPICON_NAME = AppIcon;
				CODE_SIGN_STYLE = Automatic;
				INFOPLIST_FILE = "Calc MVC/Info.plist";
				LD_RUNPATH_SEARCH_PATHS = "$(inherited) @executable_path/Frameworks";
				PRODUCT_BUNDLE_IDENTIFIER = "-.Calc-MVC";
				PRODUCT_NAME = "$(TARGET_NAME)";
				SWIFT_VERSION = 4.0;
				TARGETED_DEVICE_FAMILY = "1,2";
			};
			name = Release;
		};
		A86C0627232F67CF00819481 /* Debug */ = {
			isa = XCBuildConfiguration;
			buildSettings = {
				ALWAYS_EMBED_SWIFT_STANDARD_LIBRARIES = YES;
				BUNDLE_LOADER = "$(TEST_HOST)";
				CODE_SIGN_STYLE = Automatic;
				INFOPLIST_FILE = "Calc MVCTests/Info.plist";
				LD_RUNPATH_SEARCH_PATHS = "$(inherited) @executable_path/Frameworks @loader_path/Frameworks";
				PRODUCT_BUNDLE_IDENTIFIER = "-.Calc-MVCTests";
				PRODUCT_NAME = "$(TARGET_NAME)";
				SWIFT_VERSION = 4.0;
				TARGETED_DEVICE_FAMILY = "1,2";
				TEST_HOST = "$(BUILT_PRODUCTS_DIR)/Calc MVC.app/Calc MVC";
			};
			name = Debug;
		};
		A86C0628232F67CF00819481 /* Release */ = {
			isa = XCBuildConfiguration;
			buildSettings = {
				ALWAYS_EMBED_SWIFT_STANDARD_LIBRARIES = YES;
				BUNDLE_LOADER = "$(TEST_HOST)";
				CODE_SIGN_STYLE = Automatic;
				INFOPLIST_FILE = "Calc MVCTests/Info.plist";
				LD_RUNPATH_SEARCH_PATHS = "$(inherited) @executable_path/Frameworks @loader_path/Frameworks";
				PRODUCT_BUNDLE_IDENTIFIER = "-.Calc-MVCTests";
				PRODUCT_NAME = "$(TARGET_NAME)";
				SWIFT_VERSION = 4.0;
				TARGETED_DEVICE_FAMILY = "1,2";
				TEST_HOST = "$(BUILT_PRODUCTS_DIR)/Calc MVC.app/Calc MVC";
			};
			name = Release;
		};
		A86C062A232F67CF00819481 /* Debug */ = {
			isa = XCBuildConfiguration;
			buildSettings = {
				ALWAYS_EMBED_SWIFT_STANDARD_LIBRARIES = YES;
				CODE_SIGN_STYLE = Automatic;
				INFOPLIST_FILE = "Calc MVCUITests/Info.plist";
				LD_RUNPATH_SEARCH_PATHS = "$(inherited) @executable_path/Frameworks @loader_path/Frameworks";
				PRODUCT_BUNDLE_IDENTIFIER = "-.Calc-MVCUITests";
				PRODUCT_NAME = "$(TARGET_NAME)";
				SWIFT_VERSION = 4.0;
				TARGETED_DEVICE_FAMILY = "1,2";
				TEST_TARGET_NAME = "Calc MVC";
			};
			name = Debug;
		};
		A86C062B232F67CF00819481 /* Release */ = {
			isa = XCBuildConfiguration;
			buildSettings = {
				ALWAYS_EMBED_SWIFT_STANDARD_LIBRARIES = YES;
				CODE_SIGN_STYLE = Automatic;
				INFOPLIST_FILE = "Calc MVCUITests/Info.plist";
				LD_RUNPATH_SEARCH_PATHS = "$(inherited) @executable_path/Frameworks @loader_path/Frameworks";
				PRODUCT_BUNDLE_IDENTIFIER = "-.Calc-MVCUITests";
				PRODUCT_NAME = "$(TARGET_NAME)";
				SWIFT_VERSION = 4.0;
				TARGETED_DEVICE_FAMILY = "1,2";
				TEST_TARGET_NAME = "Calc MVC";
			};
			name = Release;
		};
/* End XCBuildConfiguration section */

/* Begin XCConfigurationList section */
		A86C05F6232F67CF00819481 /* Build configuration list for PBXProject "Calc MVC" */ = {
			isa = XCConfigurationList;
			buildConfigurations = (
				A86C0621232F67CF00819481 /* Debug */,
				A86C0622232F67CF00819481 /* Release */,
			);
			defaultConfigurationIsVisible = 0;
			defaultConfigurationName = Release;
		};
		A86C0623232F67CF00819481 /* Build configuration list for PBXNativeTarget "Calc MVC" */ = {
			isa = XCConfigurationList;
			buildConfigurations = (
				A86C0624232F67CF00819481 /* Debug */,
				A86C0625232F67CF00819481 /* Release */,
			);
			defaultConfigurationIsVisible = 0;
			defaultConfigurationName = Release;
		};
		A86C0626232F67CF00819481 /* Build configuration list for PBXNativeTarget "Calc MVCTests" */ = {
			isa = XCConfigurationList;
			buildConfigurations = (
				A86C0627232F67CF00819481 /* Debug */,
				A86C0628232F67CF00819481 /* Release */,
			);
			defaultConfigurationIsVisible = 0;
			defaultConfigurationName = Release;
		};
		A86C0629232F67CF00819481 /* Build configuration list for PBXNativeTarget "Calc MVCUITests" */ = {
			isa = XCConfigurationList;
			buildConfigurations = (
				A86C062A232F67CF00819481 /* Debug */,
				A86C062B232F67CF00819481 /* Release */,
			);
			defaultConfigurationIsVisible = 0;
			defaultConfigurationName = Release;
		};
/* End XCConfigurationList section */
	};
	rootObject = A86C05F3232F67CF00819481 /* Project object */;
}
